
Microsoft Visual Studio Solution File, Format Version 12.00
# Visual Studio Version 16
VisualStudioVersion = 16.0.30320.27
MinimumVisualStudioVersion = 10.0.40219.1
Project("{9A19103F-16F7-4668-BE54-9A1E7A4F7556}") = "TaxitripApi", "TaxitripApi\TaxitripApi.csproj", "{63A9BA6C-71C7-4421-90D8-4A185561DB91}"
EndProject
Project("{9A19103F-16F7-4668-BE54-9A1E7A4F7556}") = "CommonLibrary", "..\..\CommonLibrary\CommonLibrary\CommonLibrary\CommonLibrary.csproj", "{8CBEAD37-7AE6-4A1C-9E61-7DF4881BC8FE}"
EndProject
Global
	GlobalSection(SolutionConfigurationPlatforms) = preSolution
		Debug|Any CPU = Debug|Any CPU
		Release|Any CPU = Release|Any CPU
	EndGlobalSection
	GlobalSection(ProjectConfigurationPlatforms) = postSolution
		{63A9BA6C-71C7-4421-90D8-4A185561DB91}.Debug|Any CPU.ActiveCfg = Debug|Any CPU
		{63A9BA6C-71C7-4421-90D8-4A185561DB91}.Debug|Any CPU.Build.0 = Debug|Any CPU
		{63A9BA6C-71C7-4421-90D8-4A185561DB91}.Release|Any CPU.ActiveCfg = Release|Any CPU
		{63A9BA6C-71C7-4421-90D8-4A185561DB91}.Release|Any CPU.Build.0 = Release|Any CPU
		{8CBEAD37-7AE6-4A1C-9E61-7DF4881BC8FE}.Debug|Any CPU.ActiveCfg = Debug|Any CPU
		{8CBEAD37-7AE6-4A1C-9E61-7DF4881BC8FE}.Debug|Any CPU.Build.0 = Debug|Any CPU
		{8CBEAD37-7AE6-4A1C-9E61-7DF4881BC8FE}.Release|Any CPU.ActiveCfg = Release|Any CPU
		{8CBEAD37-7AE6-4A1C-9E61-7DF4881BC8FE}.Release|Any CPU.Build.0 = Release|Any CPU
	EndGlobalSection
	GlobalSection(SolutionProperties) = preSolution
		HideSolutionNode = FALSE
	EndGlobalSection
	GlobalSection(ExtensibilityGlobals) = postSolution
		SolutionGuid = {15BDBB37-3F3A-4206-A2BD-DF883F92E43F}
	EndGlobalSection
EndGlobal
